schema: '2.0'
stages:
  preprocess:
    cmd: python3 -u preprocessing.py
    deps:
    - path: preprocessing.py
      hash: md5
      md5: cc9b0aab43cf098b451b76b7c28c6a3c
      size: 1408
    params:
      params.yaml:
        cache:
          location: data/.vbn_s3_cache
          force_download: false
        preprocess:
          areas:
          - VISp
          - VISl
          stimulus-block: 5
          bin-size: 0.05
          stimulus-duration: 0.25
    outs:
    - path: data/area-responses/
      hash: md5
      md5: c8ec36b0953547bb73b891c488a851cf.dir
      size: 36457528
      nfiles: 2
  rrr_analysis:
    cmd: python3 -u rrr_analysis.py
    deps:
    - path: data/area-responses/
      hash: md5
      md5: 18a4a286fc913c2b7dca2a17b792fbe4.dir
      size: 27702328
      nfiles: 2
    params:
      params.yaml:
        cache:
          location: data/.vbn_s3_cache
          force_download: false
        rrr:
          cv: 5
          rank: 10
    outs:
    - path: results/rrr_coefficients.pickle
      hash: md5
      md5: 602969e22ae61fd2082ce408273d3275
      size: 360803
  plots:
    cmd: python3 -u rrr-rank-plot.py
    deps:
    - path: results/VISp_VISl_cross-time-test-scores.pickle
      hash: md5
      md5: 3b5470b403a974def19d54b219ee4fe6
      size: 472
    - path: rrr-rank-plot.py
      hash: md5
      md5: 5037bad7cc85901f2541f50387c866da
      size: 1089
    params:
      params.yaml:
        preprocess:
          areas:
          - VISp
          - VISl
          stimulus-block: 5
          bin-size: 0.05
          stimulus-duration: 0.25
        rrr:
          cv: 5
          rank: 8
        rrr-plot:
          discard-first-500-ms: true
    outs:
    - path: figures/V1-V2_cross-time_RRR-rank-analysis-2DIM.png
      hash: md5
      md5: 67c62c7be9104f010e8bd035081a6b65
      size: 16803
    - path: figures/V1-V2_cross-time_RRR-rank-analysis-averaged-over-time.png
      hash: md5
      md5: 466a6a1d0319a3e3f7f3d4c9e1465860
      size: 26277
    - path: figures/V1-V2_cross-time_RRR-rank-analysis-timewise.png
      hash: md5
      md5: ba311d45eeb5a4f59ec2c4ab75d4b53c
      size: 52872
  time_lag_analysis:
    cmd: python3 -u time_lag_analysis.py
    deps:
    - path: data/area-responses/
      hash: md5
      md5: c0d25e573c80757dee5540640262535b.dir
      size: 577559292
      nfiles: 3
    params:
      params.yaml:
        preprocess:
          areas:
          - VISp
          - VISl
          stimulus-block: 5
          bin-size: 0.005
          stimulus-duration: 0.25
        rrr:
          cv: 5
          rank: 10
    outs:
    - path: results/VISp_VISl_cross-time-coeffs.pickle
      hash: md5
      md5: 3ab7d9da547a0cfffcdb0b7bf2eec32f
      size: 20152
  analysis:
    cmd: python3 -u rrr-rank-analysis.py
    deps:
    - path: data/area-responses/
      hash: md5
      md5: c8ec36b0953547bb73b891c488a851cf.dir
      size: 36457528
      nfiles: 2
    - path: rrr-rank-analysis.py
      hash: md5
      md5: 5067444005fb4a4ebe6a81d140859193
      size: 1316
    params:
      params.yaml:
        preprocess:
          areas:
          - VISp
          - VISl
          stimulus-block: 5
          bin-size: 0.05
          stimulus-duration: 0.25
        rrr:
          cv: 5
          rank: 8
    outs:
    - path: results/VISp_VISl_cross-time-test-scores.pickle
      hash: md5
      md5: 3b5470b403a974def19d54b219ee4fe6
      size: 472
  behav-preprocess:
    cmd: python3 -u behav-preprocessing.py
    params:
      params.yaml:
        preprocess:
          areas:
          - VISp
          - VISl
          stimulus-block: 5
          bin-size: 0.05
          stimulus-duration: 0.25
    outs:
    - path: data/behav-responses/
      hash: md5
      md5: ccb923276b34dab60d053b10bf2afe91.dir
      size: 576126
      nfiles: 3
