schema: '2.0'
stages:
  preprocess:
    cmd: python3 -u preprocessing.py
    deps:
    - path: data/raw-area-responses/
      hash: md5
      md5: 1f96896456f5f56135dc5ac49d935de1.dir
      size: 2258350328
      nfiles: 2
    - path: preprocessing.py
      hash: md5
      md5: ee405058b1e57738d4f8da7f9cbfb18c
      size: 1279
    params:
      params.yaml:
        load:
          session: 1113751921
          areas:
          - VISp
          - VISl
          stimulus-block: 5
          step-size: 0.001
          stimulus-duration: 0.25
        preprocess:
          areas:
          - VISp
          - VISl
          lag-time: 0
          lag-area: ''
          step-size: 0.01
          bin-size: 0.1
          stimulus-duration: 0.25
    outs:
    - path: data/area-responses/
      hash: md5
      md5: 1c35cb3fa87d26442e04ff51f88256cd.dir
      size: 225835328
      nfiles: 2
  rrr_analysis:
    cmd: python3 -u rrr_analysis.py
    deps:
    - path: data/area-responses/
      hash: md5
      md5: 18a4a286fc913c2b7dca2a17b792fbe4.dir
      size: 27702328
      nfiles: 2
    params:
      params.yaml:
        cache:
          location: data/.vbn_s3_cache
          force_download: false
        rrr:
          cv: 5
          rank: 10
    outs:
    - path: results/rrr_coefficients.pickle
      hash: md5
      md5: 602969e22ae61fd2082ce408273d3275
      size: 360803
  plots:
    cmd: python3 -u cv-time-lag-plot.py
    deps:
    - path: cv-time-lag-plot.py
      hash: md5
      md5: 94c99302fd551b26e4a997234af1fcbb
      size: 1767
    - path: results/CV-lag-time.pickle
      hash: md5
      md5: 3e38312f36d9384a20028555965c6277
      size: 6877
    params:
      params.yaml:
        preprocess:
          areas:
          - VISp
          - VISl
          lag-time: 0
          lag-area: ''
          step-size: 0.05
          bin-size: 0.05
          stimulus-duration: 0.25
        rrr:
          cv: 3
          rank: 18
          error-score: raise
          predictor: VISl
          target: VISp
          timepoint: 0.05
        rrr-param-search:
          cv:
          - 2
          - 3
          - 4
          rank:
          - 2
          - 4
          - 6
          - 8
          - 10
          - 12
          - 14
          - 16
          - 18
          - 20
          - 25
          - 30
          - 35
          - 40
          lag:
          - 0
          - 1
          - 2
          - 3
          - 4
          timepoints:
          - 0
          - 50
          - 100
          - 150
    outs:
    - path: figures/rrr-param-search.png
      hash: md5
      md5: e942382cc0c76af2cc311d8ba4a4c034
      size: 98126
  time_lag_analysis:
    cmd: python3 -u time_lag_analysis.py
    deps:
    - path: data/area-responses/
      hash: md5
      md5: c0d25e573c80757dee5540640262535b.dir
      size: 577559292
      nfiles: 3
    params:
      params.yaml:
        preprocess:
          areas:
          - VISp
          - VISl
          stimulus-block: 5
          bin-size: 0.005
          stimulus-duration: 0.25
        rrr:
          cv: 5
          rank: 10
    outs:
    - path: results/VISp_VISl_cross-time-coeffs.pickle
      hash: md5
      md5: 3ab7d9da547a0cfffcdb0b7bf2eec32f
      size: 20152
  analysis:
    cmd: python3 -u cv-time-lag-analysis.py
    deps:
    - path: cv-time-lag-analysis.py
      hash: md5
      md5: 39357dfc233efcfe9dab13657fdc55c5
      size: 3860
    - path: data/raw-area-responses/
      hash: md5
      md5: 1f96896456f5f56135dc5ac49d935de1.dir
      size: 2258350328
      nfiles: 2
    params:
      params.yaml:
        load:
          session: 1113751921
          areas:
          - VISp
          - VISl
          stimulus-block: 5
          step-size: 0.001
          stimulus-duration: 0.25
        preprocess:
          areas:
          - VISp
          - VISl
          lag-time: 0
          lag-area: ''
          step-size: 0.05
          bin-size: 0.05
          stimulus-duration: 0.25
        rrr:
          cv: 3
          rank: 18
          error-score: raise
          predictor: VISl
          target: VISp
          timepoint: 0.05
        rrr-param-search:
          cv:
          - 2
          - 3
          - 4
          rank:
          - 2
          - 4
          - 6
          - 8
          - 10
          - 12
          - 14
          - 16
          - 18
          - 20
          - 25
          - 30
          - 35
          - 40
          lag:
          - 0
          - 1
          - 2
          - 3
          - 4
          timepoints:
          - 0
          - 50
          - 100
          - 150
    outs:
    - path: results/CV-lag-time.pickle
      hash: md5
      md5: 3e38312f36d9384a20028555965c6277
      size: 6877
  behav-preprocess:
    cmd: python3 -u behav-preprocessing.py
    deps:
    - path: behav-preprocessing.py
      hash: md5
      md5: 7451924b8d7170dc7280fb4455e536c4
      size: 1524
    params:
      params.yaml:
        preprocess:
          areas:
          - VISp
          - VISl
          stimulus-block: 5
          step-size: 0.025
          bin-size: 0.05
          stimulus-duration: 0.25
    outs:
    - path: data/behav-responses/
      hash: md5
      md5: 104453b33f55c1aeb16f66da4bcfefdd.dir
      size: 1151766
      nfiles: 3
  load:
    cmd: python3 -u load_raw_activity_data.py
    deps:
    - path: load_raw_activity_data.py
      hash: md5
      md5: c26d85dba86315c3d2e526d11df41aa5
      size: 1305
    params:
      params.yaml:
        load:
          session: 1113751921
          areas:
          - VISp
          - VISl
          stimulus-block: 5
          step-size: 0.001
          stimulus-duration: 0.25
    outs:
    - path: data/raw-area-responses/
      hash: md5
      md5: 1f96896456f5f56135dc5ac49d935de1.dir
      size: 2258350328
      nfiles: 2
  dimensionality-reduction:
    cmd: python3 -u cv-lag-time-selection.py
    deps:
    - path: cv-lag-time-selection.py
      hash: md5
      md5: 965a07f1bed342b2c2fad2c2dde90119
      size: 886
    - path: results/CV-lag-time.pickle
      hash: md5
      md5: d0f0c894fa996641bec510dcc4f0ccdd
      size: 442
    outs:
    - path: results/CV-lag-time_max-mean.pickle
      hash: md5
      md5: 075529a1c01fe2f4196054b96158e56d
      size: 221
    - path: results/CV-lag-time_max-mean_name.pickle
      hash: md5
      md5: 1416be89675e4e1240eeb07b8c5cafbb
      size: 18
  imshow:
    cmd: python3 -u lags-along-time-plot.py
    deps:
    - path: lags-along-time-plot.py
      hash: md5
      md5: 57e2230b96272272e4d3509ddabea466
      size: 962
    - path: results/lags-along-time.pickle
      hash: md5
      md5: 86b4c9f1198ee40350cfe5101e557153
      size: 3352
    params:
      params.yaml:
        preprocess:
          areas:
          - VISp
          - VISl
          lag-time: 0
          lag-area: VISl
          step-size: 0.01
          bin-size: 0.1
          stimulus-duration: 0.25
        rrr-param-search:
          cv:
          - 3
          rank:
          - 14
          lag:
          - 0
          - 1
          - 2
          - 3
          - 4
          - 5
          - 6
          - 8
          - 10
          - 15
          - 20
          - 25
          - 30
          - 35
          - 40
          - 45
          timepoints:
          - 0
          - 100
          duration: 0.25
          time-bin: 0.05
          time-step: 0.025
    outs:
    - path: figures/lags-along-time.png
      hash: md5
      md5: 805bc6159cea03e97789675c123c5998
      size: 17841
  plot:
    cmd: python3 -u crosstime-plot.py
    deps:
    - path: crosstime-plot.py
      hash: md5
      md5: bd5ebae0b105f7c1b7bba894cf31769a
      size: 1226
    - path: results/cross-time-RRR.pickle
      hash: md5
      md5: bb09d002bde6277f856e3b8381b5b4e3
      size: 36064
    params:
      params.yaml:
        rrr-param-search:
          cv:
          - 3
          rank:
          - 14
          lag:
          - 100
          - 105
          - 110
          - 115
          - 120
          - 125
          - 130
          - 135
          - 140
          - 145
          - 150
          timepoints:
          - 0
          duration: 0.25
          time-bin: 0.05
          time-step: 0.025
    outs:
    - path: figures/cross-time-RRR.png
      hash: md5
      md5: 23a4bf7827deb7daf60a2cdf5693abf4
      size: 91316
