schema: '2.0'
stages:
  preprocess:
    cmd: python3 -u preprocessing.py
    params:
      params.yaml:
        cache:
          location: data/.vbn_s3_cache
          force_download: false
        preprocess:
          areas:
          - VISp
          - VISl
          stimulus-block: 5
          bin-size: 0.05
          stimulus-duration: 0.25
    outs:
    - path: data/area-responses/
      hash: md5
      md5: c8ec36b0953547bb73b891c488a851cf.dir
      size: 36457528
      nfiles: 2
  rrr_analysis:
    cmd: python3 -u rrr_analysis.py
    deps:
    - path: data/area-responses/
      hash: md5
      md5: 18a4a286fc913c2b7dca2a17b792fbe4.dir
      size: 27702328
      nfiles: 2
    params:
      params.yaml:
        cache:
          location: data/.vbn_s3_cache
          force_download: false
        rrr:
          cv: 5
          rank: 10
    outs:
    - path: results/rrr_coefficients.pickle
      hash: md5
      md5: 602969e22ae61fd2082ce408273d3275
      size: 360803
  plots:
    cmd: python3 -u rrr-rank-plot.py
    deps:
    - path: results/VISp_VISl_cross-time-test-scores.pickle
      hash: md5
      md5: fcfb47a5c5443cb3b393710391841807
      size: 4152
    params:
      params.yaml:
        preprocess:
          areas:
          - VISp
          - VISl
          stimulus-block: 5
          bin-size: 0.05
          stimulus-duration: 0.25
        rrr:
          cv: 5
          rank: 100
        rrr-plot:
          discard-first-500-ms: false
    outs:
    - path: figures/V1-V2_cross-time_RRR-rank-analysis-2DIM.png
      hash: md5
      md5: 6af27dd5cb1ced36dde6409d04da5ac7
      size: 19503
    - path: figures/V1-V2_cross-time_RRR-rank-analysis-averaged-over-time.png
      hash: md5
      md5: 1ccc8901072e3b5e0511cf7673dd37d2
      size: 27005
    - path: figures/V1-V2_cross-time_RRR-rank-analysis-timewise.png
      hash: md5
      md5: 3c1431d982d04334cfb42c86ee8dd699
      size: 53591
  time_lag_analysis:
    cmd: python3 -u time_lag_analysis.py
    deps:
    - path: data/area-responses/
      hash: md5
      md5: c0d25e573c80757dee5540640262535b.dir
      size: 577559292
      nfiles: 3
    params:
      params.yaml:
        preprocess:
          areas:
          - VISp
          - VISl
          stimulus-block: 5
          bin-size: 0.005
          stimulus-duration: 0.25
        rrr:
          cv: 5
          rank: 10
    outs:
    - path: results/VISp_VISl_cross-time-coeffs.pickle
      hash: md5
      md5: 3ab7d9da547a0cfffcdb0b7bf2eec32f
      size: 20152
  analysis:
    cmd: python3 -u control-models.py
    deps:
    - path: data/area-responses/
      hash: md5
      md5: c8ec36b0953547bb73b891c488a851cf.dir
      size: 36457528
      nfiles: 2
    - path: data/behav-responses/
      hash: md5
      md5: ccb923276b34dab60d053b10bf2afe91.dir
      size: 576126
      nfiles: 3
    params:
      params.yaml:
        preprocess:
          areas:
          - VISp
          - VISl
          stimulus-block: 5
          bin-size: 0.05
          stimulus-duration: 0.25
        rrr:
          cv: 5
          rank: 8
    outs:
    - path: figures/control-models.png
      hash: md5
      md5: b332ae1bfcf6dedfbbf4fb99eb810fa5
      size: 51178
  behav-preprocess:
    cmd: python3 -u behav-preprocessing.py
    params:
      params.yaml:
        preprocess:
          areas:
          - VISp
          - VISl
          stimulus-block: 5
          bin-size: 0.05
          stimulus-duration: 0.25
    outs:
    - path: data/behav-responses/
      hash: md5
      md5: ccb923276b34dab60d053b10bf2afe91.dir
      size: 576126
      nfiles: 3
